
Microsoft Visual Studio Solution File, Format Version 12.00
# Visual Studio 15
VisualStudioVersion = 15.0.33919.361
MinimumVisualStudioVersion = 10.0.40219.1
Project("{D2ABAB84-BF74-430A-B69E-9DC6D40DDA17}") = "ist722_hhkhan_ob2(IST-CS-DW1)", "<Server=ist-cs-dw1.ad.syr.edu;Database=ist722_hhkhan_ob2;>", "{EB4B04A4-4D5E-4A58-91E0-3547B74E0FCE}"
EndProject
Global
	GlobalSection(SolutionConfigurationPlatforms) = preSolution
		Development|Default = Development|Default
	EndGlobalSection
	GlobalSection(ProjectConfigurationPlatforms) = postSolution
		{EB4B04A4-4D5E-4A58-91E0-3547B74E0FCE}.Development|Default.ActiveCfg = Development
	EndGlobalSection
	GlobalSection(SolutionProperties) = preSolution
		HideSolutionNode = FALSE
	EndGlobalSection
	GlobalSection(ExtensibilityGlobals) = postSolution
		SolutionGuid = {BF55A8EB-E15F-4BC6-86ED-9124CD95233B}
	EndGlobalSection
EndGlobal
